
Microsoft Visual Studio Solution File, Format Version 12.00
# Visual Studio Version 17
VisualStudioVersion = 17.8.34511.84
MinimumVisualStudioVersion = 10.0.40219.1
Project("{2150E333-8FDC-42A3-9474-1A3956D46DE8}") = "Catalog.API", "Catalog.API", "{2F190BCD-8B19-4637-A3B4-79CDF1C1871B}"
EndProject
Project("{9A19103F-16F7-4668-BE54-9A1E7A4F7556}") = "Catalog.API", "Catalog.API\Catalog.API.csproj", "{E19127F0-5AD9-4E1D-9C99-EFEE09F6F093}"
	ProjectSection(ProjectDependencies) = postProject
		{76458D0A-DD44-467F-B82B-7625350BB5EA} = {76458D0A-DD44-467F-B82B-7625350BB5EA}
	EndProjectSection
EndProject
Project("{2150E333-8FDC-42A3-9474-1A3956D46DE8}") = "BuildingBlocks", "BuildingBlocks", "{30FA3050-2FD2-4AF8-8824-3F535FBC8C7D}"
EndProject
Project("{9A19103F-16F7-4668-BE54-9A1E7A4F7556}") = "BuildingBlocks", "BuildingBlocks\BuildingBlocks\BuildingBlocks.csproj", "{76458D0A-DD44-467F-B82B-7625350BB5EA}"
EndProject
Project("{E53339B2-1760-4266-BCC7-CA923CBCF16C}") = "docker-compose", "docker-compose.dcproj", "{A920AA42-5E28-4BF1-9803-155A5557F1F6}"
EndProject
Project("{2150E333-8FDC-42A3-9474-1A3956D46DE8}") = "Basket", "Basket", "{CC416E84-9F51-40E2-BAAD-25F8019840AC}"
EndProject
Project("{FAE04EC0-301F-11D3-BF4B-00C04F79EFBC}") = "Basket.API", "Basket\Basket.API\Basket.API.csproj", "{8CD4C658-40E1-49A8-AA65-2C9C4EC0EE25}"
EndProject
Global
	GlobalSection(SolutionConfigurationPlatforms) = preSolution
		Debug|Any CPU = Debug|Any CPU
		Release|Any CPU = Release|Any CPU
	EndGlobalSection
	GlobalSection(ProjectConfigurationPlatforms) = postSolution
		{E19127F0-5AD9-4E1D-9C99-EFEE09F6F093}.Debug|Any CPU.ActiveCfg = Debug|Any CPU
		{E19127F0-5AD9-4E1D-9C99-EFEE09F6F093}.Debug|Any CPU.Build.0 = Debug|Any CPU
		{E19127F0-5AD9-4E1D-9C99-EFEE09F6F093}.Release|Any CPU.ActiveCfg = Release|Any CPU
		{E19127F0-5AD9-4E1D-9C99-EFEE09F6F093}.Release|Any CPU.Build.0 = Release|Any CPU
		{76458D0A-DD44-467F-B82B-7625350BB5EA}.Debug|Any CPU.ActiveCfg = Debug|Any CPU
		{76458D0A-DD44-467F-B82B-7625350BB5EA}.Debug|Any CPU.Build.0 = Debug|Any CPU
		{76458D0A-DD44-467F-B82B-7625350BB5EA}.Release|Any CPU.ActiveCfg = Release|Any CPU
		{76458D0A-DD44-467F-B82B-7625350BB5EA}.Release|Any CPU.Build.0 = Release|Any CPU
		{A920AA42-5E28-4BF1-9803-155A5557F1F6}.Debug|Any CPU.ActiveCfg = Debug|Any CPU
		{A920AA42-5E28-4BF1-9803-155A5557F1F6}.Debug|Any CPU.Build.0 = Debug|Any CPU
		{A920AA42-5E28-4BF1-9803-155A5557F1F6}.Release|Any CPU.ActiveCfg = Release|Any CPU
		{A920AA42-5E28-4BF1-9803-155A5557F1F6}.Release|Any CPU.Build.0 = Release|Any CPU
		{8CD4C658-40E1-49A8-AA65-2C9C4EC0EE25}.Debug|Any CPU.ActiveCfg = Debug|Any CPU
		{8CD4C658-40E1-49A8-AA65-2C9C4EC0EE25}.Debug|Any CPU.Build.0 = Debug|Any CPU
		{8CD4C658-40E1-49A8-AA65-2C9C4EC0EE25}.Release|Any CPU.ActiveCfg = Release|Any CPU
		{8CD4C658-40E1-49A8-AA65-2C9C4EC0EE25}.Release|Any CPU.Build.0 = Release|Any CPU
	EndGlobalSection
	GlobalSection(SolutionProperties) = preSolution
		HideSolutionNode = FALSE
	EndGlobalSection
	GlobalSection(NestedProjects) = preSolution
		{E19127F0-5AD9-4E1D-9C99-EFEE09F6F093} = {2F190BCD-8B19-4637-A3B4-79CDF1C1871B}
		{76458D0A-DD44-467F-B82B-7625350BB5EA} = {30FA3050-2FD2-4AF8-8824-3F535FBC8C7D}
		{8CD4C658-40E1-49A8-AA65-2C9C4EC0EE25} = {CC416E84-9F51-40E2-BAAD-25F8019840AC}
	EndGlobalSection
	GlobalSection(ExtensibilityGlobals) = postSolution
		SolutionGuid = {77AE969C-4A62-4518-91DE-9715C9B4E3B3}
	EndGlobalSection
EndGlobal
